// !$*UTF8*$!
{
	archiveVersion = 1;
	classes = {
	};
	objectVersion = 50;
	objects = {

/* Begin PBXBuildFile section */
		A001BBF3223FEE4B001B4642 /* AppDelegate.swift in Sources */ = {isa = PBXBuildFile; fileRef = A001BBF2223FEE4B001B4642 /* AppDelegate.swift */; };
		A001BBF5223FEE4B001B4642 /* ViewController.swift in Sources */ = {isa = PBXBuildFile; fileRef = A001BBF4223FEE4B001B4642 /* ViewController.swift */; };
		A001BBF8223FEE4B001B4642 /* Main.storyboard in Resources */ = {isa = PBXBuildFile; fileRef = A001BBF6223FEE4B001B4642 /* Main.storyboard */; };
		A001BBFB223FEE4B001B4642 /* CatLocation.xcdatamodeld in Sources */ = {isa = PBXBuildFile; fileRef = A001BBF9223FEE4B001B4642 /* CatLocation.xcdatamodeld */; };
		A001BBFD223FEE4D001B4642 /* Assets.xcassets in Resources */ = {isa = PBXBuildFile; fileRef = A001BBFC223FEE4D001B4642 /* Assets.xcassets */; };
		A001BC00223FEE4D001B4642 /* LaunchScreen.storyboard in Resources */ = {isa = PBXBuildFile; fileRef = A001BBFE223FEE4D001B4642 /* LaunchScreen.storyboard */; };
		A001BC08223FEF5C001B4642 /* CatListViewController.swift in Sources */ = {isa = PBXBuildFile; fileRef = A001BC07223FEF5C001B4642 /* CatListViewController.swift */; };
		A001BC0A223FF000001B4642 /* CatVO.swift in Sources */ = {isa = PBXBuildFile; fileRef = A001BC09223FF000001B4642 /* CatVO.swift */; };
		A0FBD3A7224137E000E08669 /* CatCell.swift in Sources */ = {isa = PBXBuildFile; fileRef = A0FBD3A6224137E000E08669 /* CatCell.swift */; };
		A0FBD3AB224140B300E08669 /* Nunu.jpeg in Resources */ = {isa = PBXBuildFile; fileRef = A0FBD3AA224140B300E08669 /* Nunu.jpeg */; };
		A0FBD3AD224140BD00E08669 /* Lui.jpeg in Resources */ = {isa = PBXBuildFile; fileRef = A0FBD3AC224140BD00E08669 /* Lui.jpeg */; };
		A0FBD3AF224140C300E08669 /* White.jpeg in Resources */ = {isa = PBXBuildFile; fileRef = A0FBD3AE224140C300E08669 /* White.jpeg */; };
		A0FBD3B122425D5100E08669 /* CatDetailViewController.swift in Sources */ = {isa = PBXBuildFile; fileRef = A0FBD3B022425D5100E08669 /* CatDetailViewController.swift */; };
		A0FBD3B32242882300E08669 /* Romyo.jpeg in Resources */ = {isa = PBXBuildFile; fileRef = A0FBD3B22242882300E08669 /* Romyo.jpeg */; };
		A0FBD3B622428A9600E08669 /* MapKit.framework in Frameworks */ = {isa = PBXBuildFile; fileRef = A0FBD3B522428A9600E08669 /* MapKit.framework */; };
		A0FBD3B822428AD000E08669 /* DetailLocationViewController.swift in Sources */ = {isa = PBXBuildFile; fileRef = A0FBD3B722428AD000E08669 /* DetailLocationViewController.swift */; };
/* End PBXBuildFile section */

/* Begin PBXFileReference section */
		A001BBEF223FEE4B001B4642 /* CatLocation.app */ = {isa = PBXFileReference; explicitFileType = wrapper.application; includeInIndex = 0; path = CatLocation.app; sourceTree = BUILT_PRODUCTS_DIR; };
		A001BBF2223FEE4B001B4642 /* AppDelegate.swift */ = {isa = PBXFileReference; lastKnownFileType = sourcecode.swift; path = AppDelegate.swift; sourceTree = "<group>"; };
		A001BBF4223FEE4B001B4642 /* ViewController.swift */ = {isa = PBXFileReference; lastKnownFileType = sourcecode.swift; path = ViewController.swift; sourceTree = "<group>"; };
		A001BBF7223FEE4B001B4642 /* Base */ = {isa = PBXFileReference; lastKnownFileType = file.storyboard; name = Base; path = Base.lproj/Main.storyboard; sourceTree = "<group>"; };
		A001BBFA223FEE4B001B4642 /* CatLocation.xcdatamodel */ = {isa = PBXFileReference; lastKnownFileType = wrapper.xcdatamodel; path = CatLocation.xcdatamodel; sourceTree = "<group>"; };
		A001BBFC223FEE4D001B4642 /* Assets.xcassets */ = {isa = PBXFileReference; lastKnownFileType = folder.assetcatalog; path = Assets.xcassets; sourceTree = "<group>"; };
		A001BBFF223FEE4D001B4642 /* Base */ = {isa = PBXFileReference; lastKnownFileType = file.storyboard; name = Base; path = Base.lproj/LaunchScreen.storyboard; sourceTree = "<group>"; };
		A001BC01223FEE4D001B4642 /* Info.plist */ = {isa = PBXFileReference; lastKnownFileType = text.plist.xml; path = Info.plist; sourceTree = "<group>"; };
		A001BC07223FEF5C001B4642 /* CatListViewController.swift */ = {isa = PBXFileReference; lastKnownFileType = sourcecode.swift; path = CatListViewController.swift; sourceTree = "<group>"; };
		A001BC09223FF000001B4642 /* CatVO.swift */ = {isa = PBXFileReference; lastKnownFileType = sourcecode.swift; path = CatVO.swift; sourceTree = "<group>"; };
		A0FBD3A6224137E000E08669 /* CatCell.swift */ = {isa = PBXFileReference; lastKnownFileType = sourcecode.swift; path = CatCell.swift; sourceTree = "<group>"; };
		A0FBD3AA224140B300E08669 /* Nunu.jpeg */ = {isa = PBXFileReference; lastKnownFileType = image.jpeg; path = Nunu.jpeg; sourceTree = "<group>"; };
		A0FBD3AC224140BD00E08669 /* Lui.jpeg */ = {isa = PBXFileReference; lastKnownFileType = image.jpeg; path = Lui.jpeg; sourceTree = "<group>"; };
		A0FBD3AE224140C300E08669 /* White.jpeg */ = {isa = PBXFileReference; lastKnownFileType = image.jpeg; path = White.jpeg; sourceTree = "<group>"; };
		A0FBD3B022425D5100E08669 /* CatDetailViewController.swift */ = {isa = PBXFileReference; lastKnownFileType = sourcecode.swift; path = CatDetailViewController.swift; sourceTree = "<group>"; };
		A0FBD3B22242882300E08669 /* Romyo.jpeg */ = {isa = PBXFileReference; lastKnownFileType = image.jpeg; path = Romyo.jpeg; sourceTree = "<group>"; };
		A0FBD3B522428A9600E08669 /* MapKit.framework */ = {isa = PBXFileReference; lastKnownFileType = wrapper.framework; name = MapKit.framework; path = System/Library/Frameworks/MapKit.framework; sourceTree = SDKROOT; };
		A0FBD3B722428AD000E08669 /* DetailLocationViewController.swift */ = {isa = PBXFileReference; lastKnownFileType = sourcecode.swift; path = DetailLocationViewController.swift; sourceTree = "<group>"; };
/* End PBXFileReference section */

/* Begin PBXFrameworksBuildPhase section */
		A001BBEC223FEE4B001B4642 /* Frameworks */ = {
			isa = PBXFrameworksBuildPhase;
			buildActionMask = 2147483647;
			files = (
				A0FBD3B622428A9600E08669 /* MapKit.framework in Frameworks */,
			);
			runOnlyForDeploymentPostprocessing = 0;
		};
/* End PBXFrameworksBuildPhase section */

/* Begin PBXGroup section */
		A001BBE6223FEE4B001B4642 = {
			isa = PBXGroup;
			children = (
				A001BBF1223FEE4B001B4642 /* CatLocation */,
				A001BBF0223FEE4B001B4642 /* Products */,
				A0FBD3B422428A9600E08669 /* Frameworks */,
			);
			sourceTree = "<group>";
		};
		A001BBF0223FEE4B001B4642 /* Products */ = {
			isa = PBXGroup;
			children = (
				A001BBEF223FEE4B001B4642 /* CatLocation.app */,
			);
			name = Products;
			sourceTree = "<group>";
		};
		A001BBF1223FEE4B001B4642 /* CatLocation */ = {
			isa = PBXGroup;
			children = (
				A0FBD3A8224139C800E08669 /* 고양이 테이블뷰 */,
				A001BBF2223FEE4B001B4642 /* AppDelegate.swift */,
				A001BBF4223FEE4B001B4642 /* ViewController.swift */,
				A001BBF6223FEE4B001B4642 /* Main.storyboard */,
				A001BBFC223FEE4D001B4642 /* Assets.xcassets */,
				A001BBFE223FEE4D001B4642 /* LaunchScreen.storyboard */,
				A001BC01223FEE4D001B4642 /* Info.plist */,
				A001BBF9223FEE4B001B4642 /* CatLocation.xcdatamodeld */,
			);
			path = CatLocation;
			sourceTree = "<group>";
		};
		A0FBD3A8224139C800E08669 /* 고양이 테이블뷰 */ = {
			isa = PBXGroup;
			children = (
				A0FBD3A9224140A000E08669 /* Resources */,
				A001BC07223FEF5C001B4642 /* CatListViewController.swift */,
				A0FBD3B722428AD000E08669 /* DetailLocationViewController.swift */,
				A001BC09223FF000001B4642 /* CatVO.swift */,
				A0FBD3A6224137E000E08669 /* CatCell.swift */,
				A0FBD3B022425D5100E08669 /* CatDetailViewController.swift */,
			);
			name = "고양이 테이블뷰";
			path = "고양이 테이블뷰";
			sourceTree = "<group>";
		};
		A0FBD3A9224140A000E08669 /* Resources */ = {
			isa = PBXGroup;
			children = (
				A0FBD3AA224140B300E08669 /* Nunu.jpeg */,
				A0FBD3AC224140BD00E08669 /* Lui.jpeg */,
				A0FBD3AE224140C300E08669 /* White.jpeg */,
				A0FBD3B22242882300E08669 /* Romyo.jpeg */,
			);
			path = Resources;
			sourceTree = "<group>";
		};
		A0FBD3B422428A9600E08669 /* Frameworks */ = {
			isa = PBXGroup;
			children = (
				A0FBD3B522428A9600E08669 /* MapKit.framework */,
			);
			name = Frameworks;
			sourceTree = "<group>";
		};
/* End PBXGroup section */

/* Begin PBXNativeTarget section */
		A001BBEE223FEE4B001B4642 /* CatLocation */ = {
			isa = PBXNativeTarget;
			buildConfigurationList = A001BC04223FEE4D001B4642 /* Build configuration list for PBXNativeTarget "CatLocation" */;
			buildPhases = (
				A001BBEB223FEE4B001B4642 /* Sources */,
				A001BBEC223FEE4B001B4642 /* Frameworks */,
				A001BBED223FEE4B001B4642 /* Resources */,
			);
			buildRules = (
			);
			dependencies = (
			);
			name = CatLocation;
			productName = CatLocation;
			productReference = A001BBEF223FEE4B001B4642 /* CatLocation.app */;
			productType = "com.apple.product-type.application";
		};
/* End PBXNativeTarget section */

/* Begin PBXProject section */
		A001BBE7223FEE4B001B4642 /* Project object */ = {
			isa = PBXProject;
			attributes = {
				LastSwiftUpdateCheck = 1010;
				LastUpgradeCheck = 1010;
				ORGANIZATIONNAME = Kiwook;
				TargetAttributes = {
					A001BBEE223FEE4B001B4642 = {
						CreatedOnToolsVersion = 10.1;
					};
				};
			};
			buildConfigurationList = A001BBEA223FEE4B001B4642 /* Build configuration list for PBXProject "CatLocation" */;
			compatibilityVersion = "Xcode 9.3";
			developmentRegion = en;
			hasScannedForEncodings = 0;
			knownRegions = (
				en,
				Base,
			);
			mainGroup = A001BBE6223FEE4B001B4642;
			productRefGroup = A001BBF0223FEE4B001B4642 /* Products */;
			projectDirPath = "";
			projectRoot = "";
			targets = (
				A001BBEE223FEE4B001B4642 /* CatLocation */,
			);
		};
/* End PBXProject section */

/* Begin PBXResourcesBuildPhase section */
		A001BBED223FEE4B001B4642 /* Resources */ = {
			isa = PBXResourcesBuildPhase;
			buildActionMask = 2147483647;
			files = (
				A001BC00223FEE4D001B4642 /* LaunchScreen.storyboard in Resources */,
				A0FBD3AD224140BD00E08669 /* Lui.jpeg in Resources */,
				A001BBFD223FEE4D001B4642 /* Assets.xcassets in Resources */,
				A001BBF8223FEE4B001B4642 /* Main.storyboard in Resources */,
				A0FBD3AB224140B300E08669 /* Nunu.jpeg in Resources */,
				A0FBD3B32242882300E08669 /* Romyo.jpeg in Resources */,
				A0FBD3AF224140C300E08669 /* White.jpeg in Resources */,
			);
			runOnlyForDeploymentPostprocessing = 0;
		};
/* End PBXResourcesBuildPhase section */

/* Begin PBXSourcesBuildPhase section */
		A001BBEB223FEE4B001B4642 /* Sources */ = {
			isa = PBXSourcesBuildPhase;
			buildActionMask = 2147483647;
			files = (
				A0FBD3B822428AD000E08669 /* DetailLocationViewController.swift in Sources */,
				A0FBD3A7224137E000E08669 /* CatCell.swift in Sources */,
				A001BBF5223FEE4B001B4642 /* ViewController.swift in Sources */,
				A001BC0A223FF000001B4642 /* CatVO.swift in Sources */,
				A001BC08223FEF5C001B4642 /* CatListViewController.swift in Sources */,
				A001BBF3223FEE4B001B4642 /* AppDelegate.swift in Sources */,
				A0FBD3B122425D5100E08669 /* CatDetailViewController.swift in Sources */,
				A001BBFB223FEE4B001B4642 /* CatLocation.xcdatamodeld in Sources */,
			);
			runOnlyForDeploymentPostprocessing = 0;
		};
/* End PBXSourcesBuildPhase section */

/* Begin PBXVariantGroup section */
		A001BBF6223FEE4B001B4642 /* Main.storyboard */ = {
			isa = PBXVariantGroup;
			children = (
				A001BBF7223FEE4B001B4642 /* Base */,
			);
			name = Main.storyboard;
			sourceTree = "<group>";
		};
		A001BBFE223FEE4D001B4642 /* LaunchScreen.storyboard */ = {
			isa = PBXVariantGroup;
			children = (
				A001BBFF223FEE4D001B4642 /* Base */,
			);
			name = LaunchScreen.storyboard;
			sourceTree = "<group>";
		};
/* End PBXVariantGroup section */

/* Begin XCBuildConfiguration section */
		A001BC02223FEE4D001B4642 /* Debug */ = {
			isa = XCBuildConfiguration;
			buildSettings = {
				ALWAYS_SEARCH_USER_PATHS = NO;
				CLANG_ANALYZER_NONNULL = YES;
				CLANG_ANALYZER_NUMBER_OBJECT_CONVERSION = YES_AGGRESSIVE;
				CLANG_CXX_LANGUAGE_STANDARD = "gnu++14";
				CLANG_CXX_LIBRARY = "libc++";
				CLANG_ENABLE_MODULES = YES;
				CLANG_ENABLE_OBJC_ARC = YES;
				CLANG_ENABLE_OBJC_WEAK = YES;
				CLANG_WARN_BLOCK_CAPTURE_AUTORELEASING = YES;
				CLANG_WARN_BOOL_CONVERSION = YES;
				CLANG_WARN_COMMA = YES;
				CLANG_WARN_CONSTANT_CONVERSION = YES;
				CLANG_WARN_DEPRECATED_OBJC_IMPLEMENTATIONS = YES;
				CLANG_WARN_DIRECT_OBJC_ISA_USAGE = YES_ERROR;
				CLANG_WARN_DOCUMENTATION_COMMENTS = YES;
				CLANG_WARN_EMPTY_BODY = YES;
				CLANG_WARN_ENUM_CONVERSION = YES;
				CLANG_WARN_INFINITE_RECURSION = YES;
				CLANG_WARN_INT_CONVERSION = YES;
				CLANG_WARN_NON_LITERAL_NULL_CONVERSION = YES;
				CLANG_WARN_OBJC_IMPLICIT_RETAIN_SELF = YES;
				CLANG_WARN_OBJC_LITERAL_CONVERSION = YES;
				CLANG_WARN_OBJC_ROOT_CLASS = YES_ERROR;
				CLANG_WARN_RANGE_LOOP_ANALYSIS = YES;
				CLANG_WARN_STRICT_PROTOTYPES = YES;
				CLANG_WARN_SUSPICIOUS_MOVE = YES;
				CLANG_WARN_UNGUARDED_AVAILABILITY = YES_AGGRESSIVE;
				CLANG_WARN_UNREACHABLE_CODE = YES;
				CLANG_WARN__DUPLICATE_METHOD_MATCH = YES;
				CODE_SIGN_IDENTITY = "iPhone Developer";
				COPY_PHASE_STRIP = NO;
				DEBUG_INFORMATION_FORMAT = dwarf;
				ENABLE_STRICT_OBJC_MSGSEND = YES;
				ENABLE_TESTABILITY = YES;
				GCC_C_LANGUAGE_STANDARD = gnu11;
				GCC_DYNAMIC_NO_PIC = NO;
				GCC_NO_COMMON_BLOCKS = YES;
				GCC_OPTIMIZATION_LEVEL = 0;
				GCC_PREPROCESSOR_DEFINITIONS = (
					"DEBUG=1",
					"$(inherited)",
				);
				GCC_WARN_64_TO_32_BIT_CONVERSION = YES;
				GCC_WARN_ABOUT_RETURN_TYPE = YES_ERROR;
				GCC_WARN_UNDECLARED_SELECTOR = YES;
				GCC_WARN_UNINITIALIZED_AUTOS = YES_AGGRESSIVE;
				GCC_WARN_UNUSED_FUNCTION = YES;
				GCC_WARN_UNUSED_VARIABLE = YES;
				IPHONEOS_DEPLOYMENT_TARGET = 12.1;
				MTL_ENABLE_DEBUG_INFO = INCLUDE_SOURCE;
				MTL_FAST_MATH = YES;
				ONLY_ACTIVE_ARCH = YES;
				SDKROOT = iphoneos;
				SWIFT_ACTIVE_COMPILATION_CONDITIONS = DEBUG;
				SWIFT_OPTIMIZATION_LEVEL = "-Onone";
			};
			name = Debug;
		};
		A001BC03223FEE4D001B4642 /* Release */ = {
			isa = XCBuildConfiguration;
			buildSettings = {
				ALWAYS_SEARCH_USER_PATHS = NO;
				CLANG_ANALYZER_NONNULL = YES;
				CLANG_ANALYZER_NUMBER_OBJECT_CONVERSION = YES_AGGRESSIVE;
				CLANG_CXX_LANGUAGE_STANDARD = "gnu++14";
				CLANG_CXX_LIBRARY = "libc++";
				CLANG_ENABLE_MODULES = YES;
				CLANG_ENABLE_OBJC_ARC = YES;
				CLANG_ENABLE_OBJC_WEAK = YES;
				CLANG_WARN_BLOCK_CAPTURE_AUTORELEASING = YES;
				CLANG_WARN_BOOL_CONVERSION = YES;
				CLANG_WARN_COMMA = YES;
				CLANG_WARN_CONSTANT_CONVERSION = YES;
				CLANG_WARN_DEPRECATED_OBJC_IMPLEMENTATIONS = YES;
				CLANG_WARN_DIRECT_OBJC_ISA_USAGE = YES_ERROR;
				CLANG_WARN_DOCUMENTATION_COMMENTS = YES;
				CLANG_WARN_EMPTY_BODY = YES;
				CLANG_WARN_ENUM_CONVERSION = YES;
				CLANG_WARN_INFINITE_RECURSION = YES;
				CLANG_WARN_INT_CONVERSION = YES;
				CLANG_WARN_NON_LITERAL_NULL_CONVERSION = YES;
				CLANG_WARN_OBJC_IMPLICIT_RETAIN_SELF = YES;
				CLANG_WARN_OBJC_LITERAL_CONVERSION = YES;
				CLANG_WARN_OBJC_ROOT_CLASS = YES_ERROR;
				CLANG_WARN_RANGE_LOOP_ANALYSIS = YES;
				CLANG_WARN_STRICT_PROTOTYPES = YES;
				CLANG_WARN_SUSPICIOUS_MOVE = YES;
				CLANG_WARN_UNGUARDED_AVAILABILITY = YES_AGGRESSIVE;
				CLANG_WARN_UNREACHABLE_CODE = YES;
				CLANG_WARN__DUPLICATE_METHOD_MATCH = YES;
				CODE_SIGN_IDENTITY = "iPhone Developer";
				COPY_PHASE_STRIP = NO;
				DEBUG_INFORMATION_FORMAT = "dwarf-with-dsym";
				ENABLE_NS_ASSERTIONS = NO;
				ENABLE_STRICT_OBJC_MSGSEND = YES;
				GCC_C_LANGUAGE_STANDARD = gnu11;
				GCC_NO_COMMON_BLOCKS = YES;
				GCC_WARN_64_TO_32_BIT_CONVERSION = YES;
				GCC_WARN_ABOUT_RETURN_TYPE = YES_ERROR;
				GCC_WARN_UNDECLARED_SELECTOR = YES;
				GCC_WARN_UNINITIALIZED_AUTOS = YES_AGGRESSIVE;
				GCC_WARN_UNUSED_FUNCTION = YES;
				GCC_WARN_UNUSED_VARIABLE = YES;
				IPHONEOS_DEPLOYMENT_TARGET = 12.1;
				MTL_ENABLE_DEBUG_INFO = NO;
				MTL_FAST_MATH = YES;
				SDKROOT = iphoneos;
				SWIFT_COMPILATION_MODE = wholemodule;
				SWIFT_OPTIMIZATION_LEVEL = "-O";
				VALIDATE_PRODUCT = YES;
			};
			name = Release;
		};
		A001BC05223FEE4D001B4642 /* Debug */ = {
			isa = XCBuildConfiguration;
			buildSettings = {
				ASSETCATALOG_COMPILER_APPICON_NAME = AppIcon;
				CODE_SIGN_STYLE = Automatic;
				DEVELOPMENT_TEAM = HZ26D79YNZ;
				INFOPLIST_FILE = CatLocation/Info.plist;
				LD_RUNPATH_SEARCH_PATHS = (
					"$(inherited)",
					"@executable_path/Frameworks",
				);
				PRODUCT_BUNDLE_IDENTIFIER = "Kiwook-Swift.CatLocation";
				PRODUCT_NAME = "$(TARGET_NAME)";
				SWIFT_VERSION = 4.2;
				TARGETED_DEVICE_FAMILY = 1;
			};
			name = Debug;
		};
		A001BC06223FEE4D001B4642 /* Release */ = {
			isa = XCBuildConfiguration;
			buildSettings = {
				ASSETCATALOG_COMPILER_APPICON_NAME = AppIcon;
				CODE_SIGN_STYLE = Automatic;
				DEVELOPMENT_TEAM = HZ26D79YNZ;
				INFOPLIST_FILE = CatLocation/Info.plist;
				LD_RUNPATH_SEARCH_PATHS = (
					"$(inherited)",
					"@executable_path/Frameworks",
				);
				PRODUCT_BUNDLE_IDENTIFIER = "Kiwook-Swift.CatLocation";
				PRODUCT_NAME = "$(TARGET_NAME)";
				SWIFT_VERSION = 4.2;
				TARGETED_DEVICE_FAMILY = 1;
			};
			name = Release;
		};
/* End XCBuildConfiguration section */

/* Begin XCConfigurationList section */
		A001BBEA223FEE4B001B4642 /* Build configuration list for PBXProject "CatLocation" */ = {
			isa = XCConfigurationList;
			buildConfigurations = (
				A001BC02223FEE4D001B4642 /* Debug */,
				A001BC03223FEE4D001B4642 /* Release */,
			);
			defaultConfigurationIsVisible = 0;
			defaultConfigurationName = Release;
		};
		A001BC04223FEE4D001B4642 /* Build configuration list for PBXNativeTarget "CatLocation" */ = {
			isa = XCConfigurationList;
			buildConfigurations = (
				A001BC05223FEE4D001B4642 /* Debug */,
				A001BC06223FEE4D001B4642 /* Release */,
			);
			defaultConfigurationIsVisible = 0;
			defaultConfigurationName = Release;
		};
/* End XCConfigurationList section */

/* Begin XCVersionGroup section */
		A001BBF9223FEE4B001B4642 /* CatLocation.xcdatamodeld */ = {
			isa = XCVersionGroup;
			children = (
				A001BBFA223FEE4B001B4642 /* CatLocation.xcdatamodel */,
			);
			currentVersion = A001BBFA223FEE4B001B4642 /* CatLocation.xcdatamodel */;
			path = CatLocation.xcdatamodeld;
			sourceTree = "<group>";
			versionGroupType = wrapper.xcdatamodel;
		};
/* End XCVersionGroup section */
	};
	rootObject = A001BBE7223FEE4B001B4642 /* Project object */;
}
